<?xml version="1.0" encoding="UTF-8" standalone="yes" ?>
<CodeBlocks_project_file>
	<FileVersion major="1" minor="6" />
	<Project>
		<Option title="tp1" />
		<Option pch_mode="2" />
		<Option compiler="gcc" />
		<Build>
			<Target title="Debug">
				<Option output="bin/Debug/tp1" prefix_auto="1" extension_auto="1" />
				<Option object_output="obj/Debug/" />
				<Option type="1" />
				<Option compiler="gcc" />
				<Compiler>
					<Add option="-g" />
				</Compiler>
			</Target>
			<Target title="Release">
				<Option output="bin/Release/tp1" prefix_auto="1" extension_auto="1" />
				<Option object_output="obj/Release/" />
				<Option type="1" />
				<Option compiler="gcc" />
				<Compiler>
					<Add option="-O2" />
				</Compiler>
				<Linker>
					<Add option="-s" />
				</Linker>
			</Target>
		</Build>
		<Compiler>
			<Add option="-Wall" />
			<Add option="-fexceptions" />
		</Compiler>
		<Unit filename="Geometria/Circunferencia.cpp" />
		<Unit filename="Geometria/Circunferencia.h" />
		<Unit filename="Geometria/Coordenadas.cpp" />
		<Unit filename="Geometria/Coordenadas.h" />
		<Unit filename="Geometria/Cuadrado.cpp" />
		<Unit filename="Geometria/Cuadrado.h" />
		<Unit filename="Geometria/FiguraGeometrica.cpp" />
		<Unit filename="Geometria/FiguraGeometrica.h" />
		<Unit filename="Geometria/Rectangulo.cpp" />
		<Unit filename="Geometria/Rectangulo.h" />
		<Unit filename="Geometria/Segmento.cpp" />
		<Unit filename="Geometria/Segmento.h" />
		<Unit filename="Geometria/Triangulo.cpp" />
		<Unit filename="Geometria/Triangulo.h" />
		<Unit filename="Motor.cpp" />
		<Unit filename="Motor.h" />
		<Unit filename="Visualizacion/Color.cpp" />
		<Unit filename="Visualizacion/Color.h" />
		<Unit filename="Visualizacion/Grilla.cpp" />
		<Unit filename="Visualizacion/Grilla.h" />
		<Unit filename="Visualizacion/Pantalla.cpp" />
		<Unit filename="Visualizacion/Pantalla.h" />
		<Unit filename="main.cpp" />
		<Extensions>
			<envvars />
			<code_completion />
			<debugger />
		</Extensions>
	</Project>
</CodeBlocks_project_file>
